
Microsoft Visual Studio Solution File, Format Version 12.00
# Visual Studio Version 17
VisualStudioVersion = 17.10.35122.118
MinimumVisualStudioVersion = 10.0.40219.1
Project("{FAE04EC0-301F-11D3-BF4B-00C04F79EFBC}") = "Classes_Harjo_Ryan", "Classes_Harjo_Ryan.csproj", "{224057CB-546E-4E84-9B83-56AB91DB0624}"
EndProject
Global
	GlobalSection(SolutionConfigurationPlatforms) = preSolution
		Debug|Any CPU = Debug|Any CPU
		Release|Any CPU = Release|Any CPU
	EndGlobalSection
	GlobalSection(ProjectConfigurationPlatforms) = postSolution
		{224057CB-546E-4E84-9B83-56AB91DB0624}.Debug|Any CPU.ActiveCfg = Debug|Any CPU
		{224057CB-546E-4E84-9B83-56AB91DB0624}.Debug|Any CPU.Build.0 = Debug|Any CPU
		{224057CB-546E-4E84-9B83-56AB91DB0624}.Release|Any CPU.ActiveCfg = Release|Any CPU
		{224057CB-546E-4E84-9B83-56AB91DB0624}.Release|Any CPU.Build.0 = Release|Any CPU
	EndGlobalSection
	GlobalSection(SolutionProperties) = preSolution
		HideSolutionNode = FALSE
	EndGlobalSection
	GlobalSection(ExtensibilityGlobals) = postSolution
		SolutionGuid = {E20A3F0A-FFB0-4B4E-B3CC-5E78D90874A7}
	EndGlobalSection
EndGlobal
